# This file is generated by running "yarn install" inside your project.
# Manual changes might be lost - proceed with caution!

__metadata:
  version: 5
  cacheKey: 8

"async-limiter@npm:~1.0.0":
  version: 1.0.0
  resolution: "async-limiter@npm:1.0.0"
  checksum: 48432972ebc222e58dea94cbe621194bcb3f02a19f8b54a44f000e16737c788125331dac279984bfe3f2c3ff5f6a6aa196a6f882f9ac1cbb0c1b2a123e4ca225
  languageName: node
  linkType: hard

"buffer-writer@npm:1.0.1":
  version: 1.0.1
  resolution: "buffer-writer@npm:1.0.1"
  checksum: 4e1b4a6834a7d31dbd4c4b32686fef6f868a402b9fdda7c0ed65fa2a629fd6f2721a669932283459b9eb51d24143828e85824948291852c4f3c1f149691a6bf9
  languageName: node
  linkType: hard

"dotenv@npm:^4.0.0":
  version: 4.0.0
  resolution: "dotenv@npm:4.0.0"
  checksum: 558b099798d73504eb354f9d71435d102744cf5e04d400dee5afc62179997abaeb3e30198cffa3a9c5c757bb3d863d6fd0ae9924c5f55c8b99326e1a7874796b
  languageName: node
  linkType: hard

"encoding@npm:^0.1.11":
  version: 0.1.12
  resolution: "encoding@npm:0.1.12"
  dependencies:
    iconv-lite: ~0.4.13
  checksum: 96df688a93821e866bea19dd689863b1f9e07ef1c15321dde1fbcb8008ed7c785c48b248c4def01367780d2637c459b8ffa988de9647afe4200b003b1ac369ef
  languageName: node
  linkType: hard

"iconv-lite@npm:~0.4.13":
  version: 0.4.19
  resolution: "iconv-lite@npm:0.4.19"
  checksum: 74a10d6e71d46ecfef47089588f351ea2d2ae9a7b88536ae16b27293799bf709ca20022da4370e562e76f8558321241115c8f54c5a64f68b27b96ad3d2569dba
  languageName: node
  linkType: hard

"is-stream@npm:^1.0.1":
  version: 1.1.0
  resolution: "is-stream@npm:1.1.0"
  checksum: 063c6bec9d5647aa6d42108d4c59723d2bd4ae42135a2d4db6eadbd49b7ea05b750fd69d279e5c7c45cf9da753ad2c00d8978be354d65aa9f6bb434969c6a2ae
  languageName: node
  linkType: hard

"isomorphic-fetch@npm:^2.2.1":
  version: 2.2.1
  resolution: "isomorphic-fetch@npm:2.2.1"
  dependencies:
    node-fetch: ^1.0.1
    whatwg-fetch: ">=0.10.0"
  checksum: bb5daa7c3785d6742f4379a81e55b549a469503f7c9bf9411b48592e86632cf5e8fe8ea878dba185c0f33eb7c510c23abdeb55aebfdf5d3c70f031ced68c5424
  languageName: node
  linkType: hard

"js-slack-botti@workspace:.":
  version: 0.0.0-use.local
  resolution: "js-slack-botti@workspace:."
  dependencies:
    dotenv: ^4.0.0
    kosmos-utils: "github:KosmosRy/kosmos-utils#v1.0.3"
    log-timestamp: ^0.1.2
    ws: ^3.3.3
  languageName: unknown
  linkType: soft

"js-string-escape@npm:1.0.1":
  version: 1.0.1
  resolution: "js-string-escape@npm:1.0.1"
  checksum: f11e0991bf57e0c183b55c547acec85bd2445f043efc9ea5aa68b41bd2a3e7d3ce94636cb233ae0d84064ba4c1a505d32e969813c5b13f81e7d4be12c59256fe
  languageName: node
  linkType: hard

"kosmos-utils@github:KosmosRy/kosmos-utils#v1.0.3":
  version: 1.0.3
  resolution: "kosmos-utils@https://github.com/KosmosRy/kosmos-utils.git#commit=006f84a0d98abbc68705a2db1152796c01a1c2c8"
  dependencies:
    isomorphic-fetch: ^2.2.1
    pg: ^7.4.1
  checksum: b118f0db0e43e4d34196073c7515bb73f61a44976c0473c29b236f402962945a46bfdb494286883dd70f270504d3b87f61d089adbbf9574094446f15e60dd8b6
  languageName: node
  linkType: hard

"log-prefix@npm:0.0.0":
  version: 0.0.0
  resolution: "log-prefix@npm:0.0.0"
  checksum: 62d8d776a8d247150dd5785be62b57536e38e97f9312164516c543ddc682f81503479793884a122f17f8953f22a1d0c2056e6379e2f030e20ef009d90d19f5f4
  languageName: node
  linkType: hard

"log-timestamp@npm:^0.1.2":
  version: 0.1.2
  resolution: "log-timestamp@npm:0.1.2"
  dependencies:
    log-prefix: 0.0.0
  checksum: 3b0e03e4c3731a22a3bcf379f3b88ee970a25d2215137573dd48fd6865f36a72c392c21093c3d9454d18a1dbf630550b5433af40f601d96189594fc98359e820
  languageName: node
  linkType: hard

"node-fetch@npm:^1.0.1":
  version: 1.7.3
  resolution: "node-fetch@npm:1.7.3"
  dependencies:
    encoding: ^0.1.11
    is-stream: ^1.0.1
  checksum: 3bb0528c05d541316ebe52770d71ee25a6dce334df4231fd55df41a644143e07f068637488c18a5b0c43f05041dbd3346752f9e19b50df50569a802484544d5b
  languageName: node
  linkType: hard

"packet-reader@npm:0.3.1":
  version: 0.3.1
  resolution: "packet-reader@npm:0.3.1"
  checksum: f1486e20e63da8a6f31e8bccef95dd732e4b66f4930f6c1eb1d6bb725de910a92328dca3dc6ebfe1342207b546c958efb4e56794216aeea0d6829eb551b372c9
  languageName: node
  linkType: hard

"pg-connection-string@npm:0.1.3":
  version: 0.1.3
  resolution: "pg-connection-string@npm:0.1.3"
  checksum: 0ec5612a9c59b22fe2353165eea2f98d403bfe216678a88549610a27f23d60f922db19969e1b7c020904b6d15499674f69e078566d14c7969e54a8b720acd932
  languageName: node
  linkType: hard

"pg-pool@npm:~2.0.3":
  version: 2.0.3
  resolution: "pg-pool@npm:2.0.3"
  peerDependencies:
    pg: ">5.0"
  checksum: a4a2f69c8bdf0e11ad3e78fd7d1aea245123173d330ab61131ee534b9940dc202fb4166a46f21a951eb7580404d7311ff2ee178096df08f0570a1e8490db8573
  languageName: node
  linkType: hard

"pg-types@npm:~1.12.1":
  version: 1.12.1
  resolution: "pg-types@npm:1.12.1"
  dependencies:
    postgres-array: ~1.0.0
    postgres-bytea: ~1.0.0
    postgres-date: ~1.0.0
    postgres-interval: ^1.1.0
  checksum: 7bc7d4c4eb19a48210207142926371a1b2b1b520e9c7381d5bfaeeab5a9ae13e242e83ad81e5d41f8d2ac2163946d67b3d04f581f8928bbed535228045928b99
  languageName: node
  linkType: hard

"pg@npm:^7.4.1":
  version: 7.4.1
  resolution: "pg@npm:7.4.1"
  dependencies:
    buffer-writer: 1.0.1
    js-string-escape: 1.0.1
    packet-reader: 0.3.1
    pg-connection-string: 0.1.3
    pg-pool: ~2.0.3
    pg-types: ~1.12.1
    pgpass: 1.x
    semver: 4.3.2
  checksum: cae5992eadf608b3a5447eef2af6ae66a803aade99a976f5ba0b5b0c6037fa524568cdcae8a825e132f21e71f309aa8f14e331393e7c0395b0af3fa7d9dc6b6d
  languageName: node
  linkType: hard

"pgpass@npm:1.x":
  version: 1.0.2
  resolution: "pgpass@npm:1.0.2"
  dependencies:
    split: ^1.0.0
  checksum: 377bf4c3e489ff28a93ae3b1cf3f99a8f9b85153ae9c587345a07e40c1b036e81bd414e5d0bdb204a43f45390e728bbb314c71e067d7b0dda39c3b7097df09a0
  languageName: node
  linkType: hard

"postgres-array@npm:~1.0.0":
  version: 1.0.2
  resolution: "postgres-array@npm:1.0.2"
  checksum: 369597494965875978751afdea2ec30e549893d1685ee82a9a5055d89c120cc8f44b36e702216fa1004e80998c0b5daeaecf48c38b2a41872dfb2a58b7e3ea30
  languageName: node
  linkType: hard

"postgres-bytea@npm:~1.0.0":
  version: 1.0.0
  resolution: "postgres-bytea@npm:1.0.0"
  checksum: d844ae4ca7a941b70e45cac1261a73ee8ed39d72d3d74ab1d645248185a1b7f0ac91a3c63d6159441020f4e1f7fe64689ac56536a307b31cef361e5187335090
  languageName: node
  linkType: hard

"postgres-date@npm:~1.0.0":
  version: 1.0.3
  resolution: "postgres-date@npm:1.0.3"
  checksum: 817b6aabcf5fb0c52ea88f9bfa4cb891c03334b80ab40bd441209c2fff09bdda1cbe6bf24903946adda84e6eab6e520f82440871ec7e8628576ccc31b6d29b09
  languageName: node
  linkType: hard

"postgres-interval@npm:^1.1.0":
  version: 1.1.1
  resolution: "postgres-interval@npm:1.1.1"
  dependencies:
    xtend: ^4.0.0
  checksum: dedcd834c13650b19d4ed7349dc579ed4840fc2f621d61391016ffb55fee19aa6750f281215c36047b6d77146b42e7069efc773709f1cce1ec4075357c80b0c0
  languageName: node
  linkType: hard

"safe-buffer@npm:~5.1.0":
  version: 5.1.1
  resolution: "safe-buffer@npm:5.1.1"
  checksum: 7f117b604554c9daca713be76cecc6c52932ed1dd6303638274f21319038bfd760fbfd353e526cc83f11894935bc4beb71f5b7b9478c11bf9718c0e0d94c51cb
  languageName: node
  linkType: hard

"semver@npm:4.3.2":
  version: 4.3.2
  resolution: "semver@npm:4.3.2"
  bin:
    semver: ./bin/semver
  checksum: a0bc4015f01c1843a4f270b0a8e668bbc99e2847d239ae9103c7eb54ab6b5c426d8e857c8796025fefeb131984825da977b0c2bcfbb2179ac22dbb018f91acfd
  languageName: node
  linkType: hard

"split@npm:^1.0.0":
  version: 1.0.1
  resolution: "split@npm:1.0.1"
  dependencies:
    through: 2
  checksum: 12f4554a5792c7e98bb3e22b53c63bfa5ef89aa704353e1db608a55b51f5b12afaad6e4a8ecf7843c15f273f43cdadd67b3705cc43d48a75c2cf4641d51f7e7a
  languageName: node
  linkType: hard

"through@npm:2":
  version: 2.3.8
  resolution: "through@npm:2.3.8"
  checksum: a38c3e059853c494af95d50c072b83f8b676a9ba2818dcc5b108ef252230735c54e0185437618596c790bbba8fcdaef5b290405981ffa09dce67b1f1bf190cbd
  languageName: node
  linkType: hard

"ultron@npm:~1.1.0":
  version: 1.1.1
  resolution: "ultron@npm:1.1.1"
  checksum: aa7b5ebb1b6e33287b9d873c6756c4b7aa6d1b23d7162ff25b0c0ce5c3c7e26e2ab141a5dc6e96c10ac4d00a372e682ce298d784f06ffcd520936590b4bc0653
  languageName: node
  linkType: hard

"whatwg-fetch@npm:>=0.10.0":
  version: 2.0.3
  resolution: "whatwg-fetch@npm:2.0.3"
  checksum: b2b1c94900e51afee17a5a6d05d8058f4dbb7d10868f0f016fff2dbf3a212098e01f8f4bc7d93c7c91b0a6c42f248a1d23c7bec869f2f8c7d6cec5bc4b704d07
  languageName: node
  linkType: hard

"ws@npm:^3.3.3":
  version: 3.3.3
  resolution: "ws@npm:3.3.3"
  dependencies:
    async-limiter: ~1.0.0
    safe-buffer: ~5.1.0
    ultron: ~1.1.0
  checksum: 20b7bf34bb88715b9e2d435b76088d770e063641e7ee697b07543815fabdb752335261c507a973955e823229d0af8549f39cc669825e5c8404aa0422615c81d9
  languageName: node
  linkType: hard

"xtend@npm:^4.0.0":
  version: 4.0.1
  resolution: "xtend@npm:4.0.1"
  checksum: 6148d4f9b978f858560b21f1666d1d2b8a799289671ce3274a0b2e8b843d960ba7507842d73c2f44705a87ca9adc25ab12d627aac41ba911038f78f9eb6e6d78
  languageName: node
  linkType: hard
